
Microsoft Visual Studio Solution File, Format Version 12.00
# Visual Studio 15
VisualStudioVersion = 15.0.27703.2000
MinimumVisualStudioVersion = 10.0.40219.1
Project("{FAE04EC0-301F-11D3-BF4B-00C04F79EFBC}") = "Alan Hesapla App", "Alan Hesapla App\Alan Hesapla App.csproj", "{2F02F010-AEED-4A5B-89FA-ADF9D885D09F}"
EndProject
Global
	GlobalSection(SolutionConfigurationPlatforms) = preSolution
		Debug|Any CPU = Debug|Any CPU
		Release|Any CPU = Release|Any CPU
	EndGlobalSection
	GlobalSection(ProjectConfigurationPlatforms) = postSolution
		{2F02F010-AEED-4A5B-89FA-ADF9D885D09F}.Debug|Any CPU.ActiveCfg = Debug|Any CPU
		{2F02F010-AEED-4A5B-89FA-ADF9D885D09F}.Debug|Any CPU.Build.0 = Debug|Any CPU
		{2F02F010-AEED-4A5B-89FA-ADF9D885D09F}.Release|Any CPU.ActiveCfg = Release|Any CPU
		{2F02F010-AEED-4A5B-89FA-ADF9D885D09F}.Release|Any CPU.Build.0 = Release|Any CPU
	EndGlobalSection
	GlobalSection(SolutionProperties) = preSolution
		HideSolutionNode = FALSE
	EndGlobalSection
	GlobalSection(ExtensibilityGlobals) = postSolution
		SolutionGuid = {8B39371E-90B5-4272-89BD-3A9455FA0E2C}
	EndGlobalSection
EndGlobal
